
Microsoft Visual Studio Solution File, Format Version 12.00
Project("{FAE04EC0-301F-11D3-BF4B-00C04F79EFBC}") = "MiddlewareUtility_test", "MiddlewareUtility_test\MiddlewareUtility_test.csproj", "{9FD269EE-0928-4CCC-B9E1-D3ABD36BE489}"
EndProject
Project("{FAE04EC0-301F-11D3-BF4B-00C04F79EFBC}") = "MiddlewareUtility", "MiddlewareUtility\MiddlewareUtility.csproj", "{BE19F8BD-EB4E-4FCE-A0F8-DD3E7A9FED38}"
EndProject
Project("{FAE04EC0-301F-11D3-BF4B-00C04F79EFBC}") = "LoggerLib", "LoggerLib\LoggerLib.csproj", "{01362903-E104-4255-BA7C-EFCD24CB2714}"
EndProject
Global
	GlobalSection(SolutionConfigurationPlatforms) = preSolution
		Debug|Any CPU = Debug|Any CPU
		Release|Any CPU = Release|Any CPU
	EndGlobalSection
	GlobalSection(ProjectConfigurationPlatforms) = postSolution
		{9FD269EE-0928-4CCC-B9E1-D3ABD36BE489}.Debug|Any CPU.ActiveCfg = Debug|Any CPU
		{9FD269EE-0928-4CCC-B9E1-D3ABD36BE489}.Debug|Any CPU.Build.0 = Debug|Any CPU
		{9FD269EE-0928-4CCC-B9E1-D3ABD36BE489}.Release|Any CPU.ActiveCfg = Release|Any CPU
		{9FD269EE-0928-4CCC-B9E1-D3ABD36BE489}.Release|Any CPU.Build.0 = Release|Any CPU
		{BE19F8BD-EB4E-4FCE-A0F8-DD3E7A9FED38}.Debug|Any CPU.ActiveCfg = Debug|Any CPU
		{BE19F8BD-EB4E-4FCE-A0F8-DD3E7A9FED38}.Debug|Any CPU.Build.0 = Debug|Any CPU
		{BE19F8BD-EB4E-4FCE-A0F8-DD3E7A9FED38}.Release|Any CPU.ActiveCfg = Release|Any CPU
		{BE19F8BD-EB4E-4FCE-A0F8-DD3E7A9FED38}.Release|Any CPU.Build.0 = Release|Any CPU
		{01362903-E104-4255-BA7C-EFCD24CB2714}.Debug|Any CPU.ActiveCfg = Debug|Any CPU
		{01362903-E104-4255-BA7C-EFCD24CB2714}.Debug|Any CPU.Build.0 = Debug|Any CPU
		{01362903-E104-4255-BA7C-EFCD24CB2714}.Release|Any CPU.ActiveCfg = Release|Any CPU
		{01362903-E104-4255-BA7C-EFCD24CB2714}.Release|Any CPU.Build.0 = Release|Any CPU
	EndGlobalSection
EndGlobal
